lockfileVersion: '6.0'

settings:
  autoInstallPeers: true
  excludeLinksFromLockfile: false

dependencies:
  '@types/node':
    specifier: ^20.6.3
    version: 20.6.3
  dayjs:
    specifier: ^1.11.10
    version: 1.11.10
  fast-json-stable-stringify:
    specifier: ^2.1.0
    version: 2.1.0

packages:

  /@types/node@20.6.3:
    resolution: {integrity: sha512-HksnYH4Ljr4VQgEy2lTStbCKv/P590tmPe5HqOnv9Gprffgv5WXAY+Y5Gqniu0GGqeTCUdBnzC3QSrzPkBkAMA==}
    dev: false

  /dayjs@1.11.10:
    resolution: {integrity: sha512-vjAczensTgRcqDERK0SR2XMwsF/tSvnvlv6VcF2GIhg6Sx4yOIt/irsr1RDJsKiIyBzJDpCoXiWWq28MqH2cnQ==}
    dev: false

  /fast-json-stable-stringify@2.1.0:
    resolution: {integrity: sha512-lhd/wF+Lk98HZoTCtlVraHtfh5XYijIjalXck7saUtuanSDyLMxnHhSXEDJqHxD7msR8D0uCmqlkwjCV8xvwHw==}
    dev: false
